PODS:
  - Charts (3.4.0):
    - Charts/Core (= 3.4.0)
  - Charts/Core (3.4.0)
  - Crashlytics (3.14.0):
    - Fabric (~> 1.10.2)
  - Fabric (1.10.2)
  - Segmentio (3.3)

DEPENDENCIES:
  - Charts
  - Crashlytics
  - Fabric
  - Segmentio (~> 3.0)

SPEC REPOS:
  trunk:
    - Charts
    - Crashlytics
    - Fabric
    - Segmentio

SPEC CHECKSUMS:
  Charts: 74c9f256eaf0460c0c416522d1cf8c634ea6b286
  Crashlytics: 9220f5bc89e7a618df411b4f639389dbfb0e03d2
  Fabric: ea977e3cd9c20425516d3dafd3bf8c941c51223f
  Segmentio: 4ff49aa4f4c916998c0d886c549ce62ca9eae251

PODFILE CHECKSUM: a0fd16a808165fd0d34e2ac59f532bbe7356aea8

COCOAPODS: 1.10.1
